<?xml version="1.0" encoding="utf-8"?>
<Project ToolsVersion="4.0" xmlns="http://schemas.microsoft.com/developer/msbuild/2003">
  <ItemGroup>
    <Filter Include="Source Files">
      <UniqueIdentifier>{4FC737F1-C7A5-4376-A066-2A32D752A2FF}</UniqueIdentifier>
      <Extensions>cpp;c;cc;cxx;c++;cppm;ixx;def;odl;idl;hpj;bat;asm;asmx</Extensions>
    </Filter>
    <Filter Include="Header Files">
      <UniqueIdentifier>{93995380-89BD-4b04-88EB-625FBE52EBFB}</UniqueIdentifier>
      <Extensions>h;hh;hpp;hxx;h++;hm;inl;inc;ipp;xsd</Extensions>
    </Filter>
    <Filter Include="Resource Files">
      <UniqueIdentifier>{67DA6AB6-F800-4c08-8B7A-83BB121AAD01}</UniqueIdentifier>
      <Extensions>rc;ico;cur;bmp;dlg;rc2;rct;bin;rgs;gif;jpg;jpeg;jpe;resx;tiff;tif;png;wav;mfcribbon-ms</Extensions>
    </Filter>
  </ItemGroup>
  <ItemGroup>
    <ClCompile Include="MyForm.cpp">
      <Filter>Source Files</Filter>
    </ClCompile>
    <ClCompile Include="Person_Management.cpp">
      <Filter>Source Files</Filter>
    </ClCompile>
    <ClCompile Include="Customer_Management.cpp">
      <Filter>Source Files</Filter>
    </ClCompile>
    <ClCompile Include="Order_Management.cpp">
      <Filter>Source Files</Filter>
    </ClCompile>
    <ClCompile Include="Inventory_Management.cpp">
      <Filter>Source Files</Filter>
    </ClCompile>
    <ClCompile Include="Statistics_Management.cpp">
      <Filter>Source Files</Filter>
    </ClCompile>
    <ClCompile Include="CLAdress.cpp">
      <Filter>Source Files</Filter>
    </ClCompile>
    <ClCompile Include="CLCustomers.cpp">
      <Filter>Source Files</Filter>
    </ClCompile>
    <ClCompile Include="CLMapCustomers.cpp">
      <Filter>Source Files</Filter>
    </ClCompile>
    <ClCompile Include="CLStats.cpp">
      <Filter>Source Files</Filter>
    </ClCompile>
    <ClCompile Include="CLMapStats.cpp">
      <Filter>Source Files</Filter>
    </ClCompile>
    <ClCompile Include="CLAdress.cpp">
      <Filter>Source Files</Filter>
    </ClCompile>
  </ItemGroup>
  <ItemGroup>
    <ClInclude Include="MyForm.h">
      <Filter>Header Files</Filter>
    </ClInclude>
    <ClInclude Include="Person_Management.h">
      <Filter>Header Files</Filter>
    </ClInclude>
    <ClInclude Include="Customer_Management.h">
      <Filter>Header Files</Filter>
    </ClInclude>
    <ClInclude Include="Order_Management.h">
      <Filter>Header Files</Filter>
    </ClInclude>
    <ClInclude Include="Inventory_Management.h">
      <Filter>Header Files</Filter>
    </ClInclude>
    <ClInclude Include="Statistics_Management.h">
      <Filter>Header Files</Filter>
    </ClInclude>
    <ClInclude Include="CLAdress.h">
      <Filter>Header Files</Filter>
    </ClInclude>
    <ClInclude Include="CLCustomers.h">
      <Filter>Header Files</Filter>
    </ClInclude>
    <ClInclude Include="CLMapCustomers.h">
      <Filter>Header Files</Filter>
    </ClInclude>
    <ClInclude Include="CLStats.h">
      <Filter>Header Files</Filter>
    </ClInclude>
    <ClInclude Include="CLMapStats.h">
      <Filter>Header Files</Filter>
    </ClInclude>
    <ClInclude Include="CLAdress.h">
      <Filter>Header Files</Filter>
    </ClInclude>
  </ItemGroup>
</Project>